
Microsoft Visual Studio Solution File, Format Version 12.00
# Visual Studio Version 16
VisualStudioVersion = 16.0.30011.22
MinimumVisualStudioVersion = 10.0.40219.1
Project("{FAE04EC0-301F-11D3-BF4B-00C04F79EFBC}") = "MetadataApi", "MetadataApi\MetadataApi.csproj", "{259C11C7-8A11-4025-AA8C-300521F5AAE0}"
EndProject
Project("{FAE04EC0-301F-11D3-BF4B-00C04F79EFBC}") = "Calculator", "TestProj\Calculator.csproj", "{AA88F0D3-C794-44E8-871B-B16BB0D2E634}"
EndProject
Global
	GlobalSection(SolutionConfigurationPlatforms) = preSolution
		Debug|Any CPU = Debug|Any CPU
		Release|Any CPU = Release|Any CPU
	EndGlobalSection
	GlobalSection(ProjectConfigurationPlatforms) = postSolution
		{259C11C7-8A11-4025-AA8C-300521F5AAE0}.Debug|Any CPU.ActiveCfg = Debug|Any CPU
		{259C11C7-8A11-4025-AA8C-300521F5AAE0}.Debug|Any CPU.Build.0 = Debug|Any CPU
		{259C11C7-8A11-4025-AA8C-300521F5AAE0}.Release|Any CPU.ActiveCfg = Release|Any CPU
		{259C11C7-8A11-4025-AA8C-300521F5AAE0}.Release|Any CPU.Build.0 = Release|Any CPU
		{AA88F0D3-C794-44E8-871B-B16BB0D2E634}.Debug|Any CPU.ActiveCfg = Debug|Any CPU
		{AA88F0D3-C794-44E8-871B-B16BB0D2E634}.Debug|Any CPU.Build.0 = Debug|Any CPU
		{AA88F0D3-C794-44E8-871B-B16BB0D2E634}.Release|Any CPU.ActiveCfg = Release|Any CPU
		{AA88F0D3-C794-44E8-871B-B16BB0D2E634}.Release|Any CPU.Build.0 = Release|Any CPU
	EndGlobalSection
	GlobalSection(SolutionProperties) = preSolution
		HideSolutionNode = FALSE
	EndGlobalSection
	GlobalSection(ExtensibilityGlobals) = postSolution
		SolutionGuid = {25214F5A-BACC-48B5-B97A-91BB3EB4A7A7}
	EndGlobalSection
EndGlobal
